PODS:
  - Alamofire (4.0.1)
  - SnapKit (3.0.2)
  - UIColor-ChineseTraditionalColors (0.0.1)
  - UIColor_Hex_Swift (3.0.2)

DEPENDENCIES:
  - Alamofire (~> 4.0)
  - SnapKit (~> 3.0.2)
  - UIColor-ChineseTraditionalColors
  - UIColor_Hex_Swift

SPEC CHECKSUMS:
  Alamofire: 7682d43245de14874acd142ec137b144aa1dd335
  SnapKit: 2e456761aa92d4d4067a7a5594c18769d451a8ad
  UIColor-ChineseTraditionalColors: 1ad31ba4ae32a5f756873b5b139e50ba82ec17f2
  UIColor_Hex_Swift: 95f718452092a3efc8a827dffd2c04d3237be02d

PODFILE CHECKSUM: 6249881227cd4a9923ec8787ad23bb4ca21008f5

COCOAPODS: 1.1.0.beta.2
