// !$*UTF8*$!
{
	archiveVersion = 1;
	classes = {
	};
	objectVersion = 46;
	objects = {

/* Begin PBXBuildFile section */
		841E2BCA1DBF5D6200AA1C12 /* RecommendGameView.swift in Sources */ = {isa = PBXBuildFile; fileRef = 841E2BC91DBF5D6200AA1C12 /* RecommendGameView.swift */; };
		841E2BCC1DBF95B600AA1C12 /* GameViewCell.swift in Sources */ = {isa = PBXBuildFile; fileRef = 841E2BCB1DBF95B600AA1C12 /* GameViewCell.swift */; };
		843600BD1DBB29D9003D1303 /* RecommendViewModel.swift in Sources */ = {isa = PBXBuildFile; fileRef = 843600BC1DBB29D9003D1303 /* RecommendViewModel.swift */; };
		843600BF1DBB2BAD003D1303 /* API.swift in Sources */ = {isa = PBXBuildFile; fileRef = 843600BE1DBB2BAD003D1303 /* API.swift */; };
		843600C11DBB2FAC003D1303 /* NSDate+Extension.swift in Sources */ = {isa = PBXBuildFile; fileRef = 843600C01DBB2FAC003D1303 /* NSDate+Extension.swift */; };
		843600C31DBB3938003D1303 /* AnchorGroup.swift in Sources */ = {isa = PBXBuildFile; fileRef = 843600C21DBB3938003D1303 /* AnchorGroup.swift */; };
		843600C51DBBA9A2003D1303 /* AnchorModel.swift in Sources */ = {isa = PBXBuildFile; fileRef = 843600C41DBBA9A2003D1303 /* AnchorModel.swift */; };
		844004E51DA3676400240EA2 /* DYTabbarController.swift in Sources */ = {isa = PBXBuildFile; fileRef = 844004E41DA3676400240EA2 /* DYTabbarController.swift */; };
		844004EF1DA369DE00240EA2 /* HomeViewController.swift in Sources */ = {isa = PBXBuildFile; fileRef = 844004EE1DA369DE00240EA2 /* HomeViewController.swift */; };
		844004F11DA369EC00240EA2 /* LiveViewController.swift in Sources */ = {isa = PBXBuildFile; fileRef = 844004F01DA369EC00240EA2 /* LiveViewController.swift */; };
		844004F31DA369FD00240EA2 /* ProfileViewController.swift in Sources */ = {isa = PBXBuildFile; fileRef = 844004F21DA369FD00240EA2 /* ProfileViewController.swift */; };
		844004F51DA36A1600240EA2 /* FollowViewController.swift in Sources */ = {isa = PBXBuildFile; fileRef = 844004F41DA36A1600240EA2 /* FollowViewController.swift */; };
		844F43421DB488B700B60177 /* UIColor+Extension.swift in Sources */ = {isa = PBXBuildFile; fileRef = 844F43411DB488B700B60177 /* UIColor+Extension.swift */; };
		846122F51DB9EC97006D30B7 /* RecommendViewController.swift in Sources */ = {isa = PBXBuildFile; fileRef = 846122F41DB9EC97006D30B7 /* RecommendViewController.swift */; };
		846122F81DB9F795006D30B7 /* CollectionHeaderView.swift in Sources */ = {isa = PBXBuildFile; fileRef = 846122F71DB9F795006D30B7 /* CollectionHeaderView.swift */; };
		846122FA1DBA0AC5006D30B7 /* UIButton-ImageAndTitlePositioningExtension.swift in Sources */ = {isa = PBXBuildFile; fileRef = 846122F91DBA0AC5006D30B7 /* UIButton-ImageAndTitlePositioningExtension.swift */; };
		846122FC1DBA0F1D006D30B7 /* LiveViewCell.swift in Sources */ = {isa = PBXBuildFile; fileRef = 846122FB1DBA0F1D006D30B7 /* LiveViewCell.swift */; };
		846122FE1DBA1767006D30B7 /* UIImage+Extension.swift in Sources */ = {isa = PBXBuildFile; fileRef = 846122FD1DBA1767006D30B7 /* UIImage+Extension.swift */; };
		846466651DBF43CA001CD1B9 /* SlideModel.swift in Sources */ = {isa = PBXBuildFile; fileRef = 846466641DBF43C9001CD1B9 /* SlideModel.swift */; };
		846466671DBF48C6001CD1B9 /* CycleViewCell.swift in Sources */ = {isa = PBXBuildFile; fileRef = 846466661DBF48C6001CD1B9 /* CycleViewCell.swift */; };
		8468C4B01DA6377F00895200 /* PageContentView.swift in Sources */ = {isa = PBXBuildFile; fileRef = 8468C4AF1DA6377F00895200 /* PageContentView.swift */; };
		846E97461DBA46F30053BC15 /* PrettyCollectionCell.swift in Sources */ = {isa = PBXBuildFile; fileRef = 846E97451DBA46F20053BC15 /* PrettyCollectionCell.swift */; };
		846E97481DBA58D00053BC15 /* HttpClient.swift in Sources */ = {isa = PBXBuildFile; fileRef = 846E97471DBA58D00053BC15 /* HttpClient.swift */; };
		8486E5D91DBF2EBC00E30CEB /* RecommendCycleView.swift in Sources */ = {isa = PBXBuildFile; fileRef = 8486E5D81DBF2EBC00E30CEB /* RecommendCycleView.swift */; };
		848CAC651DA2824B00A84C91 /* AppDelegate.swift in Sources */ = {isa = PBXBuildFile; fileRef = 848CAC641DA2824B00A84C91 /* AppDelegate.swift */; };
		848CAC671DA2824B00A84C91 /* ViewController.swift in Sources */ = {isa = PBXBuildFile; fileRef = 848CAC661DA2824B00A84C91 /* ViewController.swift */; };
		848CAC6C1DA2824B00A84C91 /* Assets.xcassets in Resources */ = {isa = PBXBuildFile; fileRef = 848CAC6B1DA2824B00A84C91 /* Assets.xcassets */; };
		848CAC6F1DA2824B00A84C91 /* LaunchScreen.storyboard in Resources */ = {isa = PBXBuildFile; fileRef = 848CAC6D1DA2824B00A84C91 /* LaunchScreen.storyboard */; };
		84ACD9BF1DA4BD590078B65F /* UIbarButtonItem+Extension.swift in Sources */ = {isa = PBXBuildFile; fileRef = 84ACD9BE1DA4BD590078B65F /* UIbarButtonItem+Extension.swift */; };
		84ACD9EC1DA5FC740078B65F /* PageTitleView.swift in Sources */ = {isa = PBXBuildFile; fileRef = 84ACD9EB1DA5FC740078B65F /* PageTitleView.swift */; };
		84ACD9EE1DA606A10078B65F /* Common.swift in Sources */ = {isa = PBXBuildFile; fileRef = 84ACD9ED1DA606A10078B65F /* Common.swift */; };
		84B285D91DBFA985007FDF1F /* GameViewController.swift in Sources */ = {isa = PBXBuildFile; fileRef = 84B285D81DBFA985007FDF1F /* GameViewController.swift */; };
		84B285DB1DBFB5E3007FDF1F /* GameViewModel.swift in Sources */ = {isa = PBXBuildFile; fileRef = 84B285DA1DBFB5E3007FDF1F /* GameViewModel.swift */; };
		84B285DD1DBFBA07007FDF1F /* GameModel.swift in Sources */ = {isa = PBXBuildFile; fileRef = 84B285DC1DBFBA07007FDF1F /* GameModel.swift */; };
		84B285DF1DBFBBF4007FDF1F /* BaseModel.swift in Sources */ = {isa = PBXBuildFile; fileRef = 84B285DE1DBFBBF4007FDF1F /* BaseModel.swift */; };
		E64F0C6CD985C1459C68D9F0 /* Pods_douyuTV.framework in Frameworks */ = {isa = PBXBuildFile; fileRef = 9967105B5A2F399943487261 /* Pods_douyuTV.framework */; };
/* End PBXBuildFile section */

/* Begin PBXFileReference section */
		1CD1EF3FE45EC91C81AE06F5 /* Pods-douyuTV.debug.xcconfig */ = {isa = PBXFileReference; includeInIndex = 1; lastKnownFileType = text.xcconfig; name = "Pods-douyuTV.debug.xcconfig"; path = "Pods/Target Support Files/Pods-douyuTV/Pods-douyuTV.debug.xcconfig"; sourceTree = "<group>"; };
		841E2BC91DBF5D6200AA1C12 /* RecommendGameView.swift */ = {isa = PBXFileReference; fileEncoding = 4; lastKnownFileType = sourcecode.swift; path = RecommendGameView.swift; sourceTree = "<group>"; };
		841E2BCB1DBF95B600AA1C12 /* GameViewCell.swift */ = {isa = PBXFileReference; fileEncoding = 4; lastKnownFileType = sourcecode.swift; path = GameViewCell.swift; sourceTree = "<group>"; };
		843600BC1DBB29D9003D1303 /* RecommendViewModel.swift */ = {isa = PBXFileReference; fileEncoding = 4; lastKnownFileType = sourcecode.swift; path = RecommendViewModel.swift; sourceTree = "<group>"; };
		843600BE1DBB2BAD003D1303 /* API.swift */ = {isa = PBXFileReference; fileEncoding = 4; lastKnownFileType = sourcecode.swift; path = API.swift; sourceTree = "<group>"; };
		843600C01DBB2FAC003D1303 /* NSDate+Extension.swift */ = {isa = PBXFileReference; fileEncoding = 4; lastKnownFileType = sourcecode.swift; path = "NSDate+Extension.swift"; sourceTree = "<group>"; };
		843600C21DBB3938003D1303 /* AnchorGroup.swift */ = {isa = PBXFileReference; fileEncoding = 4; lastKnownFileType = sourcecode.swift; path = AnchorGroup.swift; sourceTree = "<group>"; };
		843600C41DBBA9A2003D1303 /* AnchorModel.swift */ = {isa = PBXFileReference; fileEncoding = 4; lastKnownFileType = sourcecode.swift; path = AnchorModel.swift; sourceTree = "<group>"; };
		844004E41DA3676400240EA2 /* DYTabbarController.swift */ = {isa = PBXFileReference; fileEncoding = 4; lastKnownFileType = sourcecode.swift; path = DYTabbarController.swift; sourceTree = "<group>"; };
		844004EE1DA369DE00240EA2 /* HomeViewController.swift */ = {isa = PBXFileReference; fileEncoding = 4; lastKnownFileType = sourcecode.swift; path = HomeViewController.swift; sourceTree = "<group>"; };
		844004F01DA369EC00240EA2 /* LiveViewController.swift */ = {isa = PBXFileReference; fileEncoding = 4; lastKnownFileType = sourcecode.swift; path = LiveViewController.swift; sourceTree = "<group>"; };
		844004F21DA369FD00240EA2 /* ProfileViewController.swift */ = {isa = PBXFileReference; fileEncoding = 4; lastKnownFileType = sourcecode.swift; path = ProfileViewController.swift; sourceTree = "<group>"; };
		844004F41DA36A1600240EA2 /* FollowViewController.swift */ = {isa = PBXFileReference; fileEncoding = 4; lastKnownFileType = sourcecode.swift; path = FollowViewController.swift; sourceTree = "<group>"; };
		844F43411DB488B700B60177 /* UIColor+Extension.swift */ = {isa = PBXFileReference; fileEncoding = 4; lastKnownFileType = sourcecode.swift; path = "UIColor+Extension.swift"; sourceTree = "<group>"; };
		846122F41DB9EC97006D30B7 /* RecommendViewController.swift */ = {isa = PBXFileReference; fileEncoding = 4; lastKnownFileType = sourcecode.swift; path = RecommendViewController.swift; sourceTree = "<group>"; };
		846122F71DB9F795006D30B7 /* CollectionHeaderView.swift */ = {isa = PBXFileReference; fileEncoding = 4; lastKnownFileType = sourcecode.swift; path = CollectionHeaderView.swift; sourceTree = "<group>"; };
		846122F91DBA0AC5006D30B7 /* UIButton-ImageAndTitlePositioningExtension.swift */ = {isa = PBXFileReference; fileEncoding = 4; lastKnownFileType = sourcecode.swift; path = "UIButton-ImageAndTitlePositioningExtension.swift"; sourceTree = "<group>"; };
		846122FB1DBA0F1D006D30B7 /* LiveViewCell.swift */ = {isa = PBXFileReference; fileEncoding = 4; lastKnownFileType = sourcecode.swift; name = LiveViewCell.swift; path = PageTitleView/LiveViewCell.swift; sourceTree = "<group>"; };
		846122FD1DBA1767006D30B7 /* UIImage+Extension.swift */ = {isa = PBXFileReference; fileEncoding = 4; lastKnownFileType = sourcecode.swift; path = "UIImage+Extension.swift"; sourceTree = "<group>"; };
		846466641DBF43C9001CD1B9 /* SlideModel.swift */ = {isa = PBXFileReference; fileEncoding = 4; lastKnownFileType = sourcecode.swift; path = SlideModel.swift; sourceTree = "<group>"; };
		846466661DBF48C6001CD1B9 /* CycleViewCell.swift */ = {isa = PBXFileReference; fileEncoding = 4; lastKnownFileType = sourcecode.swift; path = CycleViewCell.swift; sourceTree = "<group>"; };
		8468C4AF1DA6377F00895200 /* PageContentView.swift */ = {isa = PBXFileReference; fileEncoding = 4; lastKnownFileType = sourcecode.swift; path = PageContentView.swift; sourceTree = "<group>"; };
		846E97451DBA46F20053BC15 /* PrettyCollectionCell.swift */ = {isa = PBXFileReference; fileEncoding = 4; lastKnownFileType = sourcecode.swift; name = PrettyCollectionCell.swift; path = ../PrettyCollectionCell.swift; sourceTree = "<group>"; };
		846E97471DBA58D00053BC15 /* HttpClient.swift */ = {isa = PBXFileReference; fileEncoding = 4; lastKnownFileType = sourcecode.swift; path = HttpClient.swift; sourceTree = "<group>"; };
		8486E5D81DBF2EBC00E30CEB /* RecommendCycleView.swift */ = {isa = PBXFileReference; fileEncoding = 4; lastKnownFileType = sourcecode.swift; path = RecommendCycleView.swift; sourceTree = "<group>"; };
		848CAC611DA2824B00A84C91 /* douyuTV.app */ = {isa = PBXFileReference; explicitFileType = wrapper.application; includeInIndex = 0; path = douyuTV.app; sourceTree = BUILT_PRODUCTS_DIR; };
		848CAC641DA2824B00A84C91 /* AppDelegate.swift */ = {isa = PBXFileReference; lastKnownFileType = sourcecode.swift; path = AppDelegate.swift; sourceTree = "<group>"; };
		848CAC661DA2824B00A84C91 /* ViewController.swift */ = {isa = PBXFileReference; lastKnownFileType = sourcecode.swift; path = ViewController.swift; sourceTree = "<group>"; };
		848CAC6B1DA2824B00A84C91 /* Assets.xcassets */ = {isa = PBXFileReference; lastKnownFileType = folder.assetcatalog; name = Assets.xcassets; path = ../Assets.xcassets; sourceTree = "<group>"; };
		848CAC6E1DA2824B00A84C91 /* Base */ = {isa = PBXFileReference; lastKnownFileType = file.storyboard; name = Base; path = Base.lproj/LaunchScreen.storyboard; sourceTree = "<group>"; };
		848CAC701DA2824B00A84C91 /* Info.plist */ = {isa = PBXFileReference; lastKnownFileType = text.plist.xml; name = Info.plist; path = ../Info.plist; sourceTree = "<group>"; };
		84ACD9BE1DA4BD590078B65F /* UIbarButtonItem+Extension.swift */ = {isa = PBXFileReference; fileEncoding = 4; lastKnownFileType = sourcecode.swift; path = "UIbarButtonItem+Extension.swift"; sourceTree = "<group>"; };
		84ACD9EB1DA5FC740078B65F /* PageTitleView.swift */ = {isa = PBXFileReference; fileEncoding = 4; lastKnownFileType = sourcecode.swift; path = PageTitleView.swift; sourceTree = "<group>"; };
		84ACD9ED1DA606A10078B65F /* Common.swift */ = {isa = PBXFileReference; fileEncoding = 4; lastKnownFileType = sourcecode.swift; path = Common.swift; sourceTree = "<group>"; };
		84B285D81DBFA985007FDF1F /* GameViewController.swift */ = {isa = PBXFileReference; fileEncoding = 4; lastKnownFileType = sourcecode.swift; path = GameViewController.swift; sourceTree = "<group>"; };
		84B285DA1DBFB5E3007FDF1F /* GameViewModel.swift */ = {isa = PBXFileReference; fileEncoding = 4; lastKnownFileType = sourcecode.swift; path = GameViewModel.swift; sourceTree = "<group>"; };
		84B285DC1DBFBA07007FDF1F /* GameModel.swift */ = {isa = PBXFileReference; fileEncoding = 4; lastKnownFileType = sourcecode.swift; path = GameModel.swift; sourceTree = "<group>"; };
		84B285DE1DBFBBF4007FDF1F /* BaseModel.swift */ = {isa = PBXFileReference; fileEncoding = 4; lastKnownFileType = sourcecode.swift; path = BaseModel.swift; sourceTree = "<group>"; };
		98FBCD18FFA51B03B8BA3766 /* Pods-douyuTV.release.xcconfig */ = {isa = PBXFileReference; includeInIndex = 1; lastKnownFileType = text.xcconfig; name = "Pods-douyuTV.release.xcconfig"; path = "Pods/Target Support Files/Pods-douyuTV/Pods-douyuTV.release.xcconfig"; sourceTree = "<group>"; };
		9967105B5A2F399943487261 /* Pods_douyuTV.framework */ = {isa = PBXFileReference; explicitFileType = wrapper.framework; includeInIndex = 0; path = Pods_douyuTV.framework; sourceTree = BUILT_PRODUCTS_DIR; };
/* End PBXFileReference section */

/* Begin PBXFrameworksBuildPhase section */
		848CAC5E1DA2824B00A84C91 /* Frameworks */ = {
			isa = PBXFrameworksBuildPhase;
			buildActionMask = 2147483647;
			files = (
				E64F0C6CD985C1459C68D9F0 /* Pods_douyuTV.framework in Frameworks */,
			);
			runOnlyForDeploymentPostprocessing = 0;
		};
/* End PBXFrameworksBuildPhase section */

/* Begin PBXGroup section */
		505BDE577CDED053826851E4 /* Pods */ = {
			isa = PBXGroup;
			children = (
				1CD1EF3FE45EC91C81AE06F5 /* Pods-douyuTV.debug.xcconfig */,
				98FBCD18FFA51B03B8BA3766 /* Pods-douyuTV.release.xcconfig */,
			);
			name = Pods;
			sourceTree = "<group>";
		};
		843600BB1DBB29AC003D1303 /* ViewModel */ = {
			isa = PBXGroup;
			children = (
				843600BC1DBB29D9003D1303 /* RecommendViewModel.swift */,
				84B285DA1DBFB5E3007FDF1F /* GameViewModel.swift */,
			);
			path = ViewModel;
			sourceTree = "<group>";
		};
		844004E01DA365FE00240EA2 /* Class */ = {
			isa = PBXGroup;
			children = (
				844004E71DA368C000240EA2 /* HomeViewController */,
				844004E61DA368C000240EA2 /* FollowViewContoller */,
				844004E81DA368C000240EA2 /* LiveViewContoller */,
				844004E91DA368C000240EA2 /* ProfileViewController */,
				844004E11DA3664900240EA2 /* TabbarViewController */,
			);
			path = Class;
			sourceTree = "<group>";
		};
		844004E11DA3664900240EA2 /* TabbarViewController */ = {
			isa = PBXGroup;
			children = (
				844004E41DA3676400240EA2 /* DYTabbarController.swift */,
			);
			path = TabbarViewController;
			sourceTree = "<group>";
		};
		844004E61DA368C000240EA2 /* FollowViewContoller */ = {
			isa = PBXGroup;
			children = (
				844004F41DA36A1600240EA2 /* FollowViewController.swift */,
			);
			path = FollowViewContoller;
			sourceTree = "<group>";
		};
		844004E71DA368C000240EA2 /* HomeViewController */ = {
			isa = PBXGroup;
			children = (
				844004EE1DA369DE00240EA2 /* HomeViewController.swift */,
				846122F41DB9EC97006D30B7 /* RecommendViewController.swift */,
				84B285D81DBFA985007FDF1F /* GameViewController.swift */,
			);
			path = HomeViewController;
			sourceTree = "<group>";
		};
		844004E81DA368C000240EA2 /* LiveViewContoller */ = {
			isa = PBXGroup;
			children = (
				844004F01DA369EC00240EA2 /* LiveViewController.swift */,
			);
			path = LiveViewContoller;
			sourceTree = "<group>";
		};
		844004E91DA368C000240EA2 /* ProfileViewController */ = {
			isa = PBXGroup;
			children = (
				844004F21DA369FD00240EA2 /* ProfileViewController.swift */,
			);
			path = ProfileViewController;
			sourceTree = "<group>";
		};
		844004EA1DA3690B00240EA2 /* View */ = {
			isa = PBXGroup;
			children = (
				846122FB1DBA0F1D006D30B7 /* LiveViewCell.swift */,
				846E97451DBA46F20053BC15 /* PrettyCollectionCell.swift */,
				8486E5D81DBF2EBC00E30CEB /* RecommendCycleView.swift */,
				841E2BC91DBF5D6200AA1C12 /* RecommendGameView.swift */,
				846466661DBF48C6001CD1B9 /* CycleViewCell.swift */,
				841E2BCB1DBF95B600AA1C12 /* GameViewCell.swift */,
				846122F61DB9F765006D30B7 /* headerView */,
				84ACD9EA1DA5FC3F0078B65F /* PageTitleView */,
			);
			path = View;
			sourceTree = "<group>";
		};
		844004EB1DA3693D00240EA2 /* Core */ = {
			isa = PBXGroup;
			children = (
				84ACD9BD1DA4BC4D0078B65F /* Utils */,
				844004ED1DA3697800240EA2 /* API */,
				844004EC1DA3694D00240EA2 /* Model */,
				84ACD9ED1DA606A10078B65F /* Common.swift */,
			);
			path = Core;
			sourceTree = "<group>";
		};
		844004EC1DA3694D00240EA2 /* Model */ = {
			isa = PBXGroup;
			children = (
				84B285DE1DBFBBF4007FDF1F /* BaseModel.swift */,
				843600C21DBB3938003D1303 /* AnchorGroup.swift */,
				843600C41DBBA9A2003D1303 /* AnchorModel.swift */,
				846466641DBF43C9001CD1B9 /* SlideModel.swift */,
				84B285DC1DBFBA07007FDF1F /* GameModel.swift */,
			);
			path = Model;
			sourceTree = "<group>";
		};
		844004ED1DA3697800240EA2 /* API */ = {
			isa = PBXGroup;
			children = (
				846E97471DBA58D00053BC15 /* HttpClient.swift */,
				843600BE1DBB2BAD003D1303 /* API.swift */,
			);
			path = API;
			sourceTree = "<group>";
		};
		846122F61DB9F765006D30B7 /* headerView */ = {
			isa = PBXGroup;
			children = (
				846122F71DB9F795006D30B7 /* CollectionHeaderView.swift */,
			);
			path = headerView;
			sourceTree = "<group>";
		};
		848CAC581DA2824B00A84C91 = {
			isa = PBXGroup;
			children = (
				848CAC631DA2824B00A84C91 /* douyuTV */,
				848CAC621DA2824B00A84C91 /* Products */,
				505BDE577CDED053826851E4 /* Pods */,
				E25E31C02D01146D92327AC7 /* Frameworks */,
			);
			sourceTree = "<group>";
		};
		848CAC621DA2824B00A84C91 /* Products */ = {
			isa = PBXGroup;
			children = (
				848CAC611DA2824B00A84C91 /* douyuTV.app */,
			);
			name = Products;
			sourceTree = "<group>";
		};
		848CAC631DA2824B00A84C91 /* douyuTV */ = {
			isa = PBXGroup;
			children = (
				844004EB1DA3693D00240EA2 /* Core */,
				844004EA1DA3690B00240EA2 /* View */,
				843600BB1DBB29AC003D1303 /* ViewModel */,
				844004E01DA365FE00240EA2 /* Class */,
				84ACD9E91DA51F560078B65F /* Other */,
				848CAC641DA2824B00A84C91 /* AppDelegate.swift */,
				848CAC661DA2824B00A84C91 /* ViewController.swift */,
			);
			path = douyuTV;
			sourceTree = "<group>";
		};
		84ACD9BD1DA4BC4D0078B65F /* Utils */ = {
			isa = PBXGroup;
			children = (
				84ACD9BE1DA4BD590078B65F /* UIbarButtonItem+Extension.swift */,
				844F43411DB488B700B60177 /* UIColor+Extension.swift */,
				846122F91DBA0AC5006D30B7 /* UIButton-ImageAndTitlePositioningExtension.swift */,
				846122FD1DBA1767006D30B7 /* UIImage+Extension.swift */,
				843600C01DBB2FAC003D1303 /* NSDate+Extension.swift */,
			);
			path = Utils;
			sourceTree = "<group>";
		};
		84ACD9E91DA51F560078B65F /* Other */ = {
			isa = PBXGroup;
			children = (
				848CAC6B1DA2824B00A84C91 /* Assets.xcassets */,
				848CAC6D1DA2824B00A84C91 /* LaunchScreen.storyboard */,
				848CAC701DA2824B00A84C91 /* Info.plist */,
			);
			path = Other;
			sourceTree = "<group>";
		};
		84ACD9EA1DA5FC3F0078B65F /* PageTitleView */ = {
			isa = PBXGroup;
			children = (
				84ACD9EB1DA5FC740078B65F /* PageTitleView.swift */,
				8468C4AF1DA6377F00895200 /* PageContentView.swift */,
			);
			path = PageTitleView;
			sourceTree = "<group>";
		};
		E25E31C02D01146D92327AC7 /* Frameworks */ = {
			isa = PBXGroup;
			children = (
				9967105B5A2F399943487261 /* Pods_douyuTV.framework */,
			);
			name = Frameworks;
			sourceTree = "<group>";
		};
/* End PBXGroup section */

/* Begin PBXNativeTarget section */
		848CAC601DA2824B00A84C91 /* douyuTV */ = {
			isa = PBXNativeTarget;
			buildConfigurationList = 848CAC731DA2824B00A84C91 /* Build configuration list for PBXNativeTarget "douyuTV" */;
			buildPhases = (
				C9F4338D604E28275F3C459F /* [CP] Check Pods Manifest.lock */,
				848CAC5D1DA2824B00A84C91 /* Sources */,
				848CAC5E1DA2824B00A84C91 /* Frameworks */,
				848CAC5F1DA2824B00A84C91 /* Resources */,
				5E66AD59848D11CF52D113F1 /* [CP] Embed Pods Frameworks */,
				A15C8A56D9DC83C6306F1898 /* [CP] Copy Pods Resources */,
			);
			buildRules = (
			);
			dependencies = (
			);
			name = douyuTV;
			productName = douyuTV;
			productReference = 848CAC611DA2824B00A84C91 /* douyuTV.app */;
			productType = "com.apple.product-type.application";
		};
/* End PBXNativeTarget section */

/* Begin PBXProject section */
		848CAC591DA2824B00A84C91 /* Project object */ = {
			isa = PBXProject;
			attributes = {
				LastSwiftUpdateCheck = 0800;
				LastUpgradeCheck = 0800;
				ORGANIZATIONNAME = Jefferson;
				TargetAttributes = {
					848CAC601DA2824B00A84C91 = {
						CreatedOnToolsVersion = 8.0;
						DevelopmentTeam = TH9KN2TTBL;
						ProvisioningStyle = Automatic;
					};
				};
			};
			buildConfigurationList = 848CAC5C1DA2824B00A84C91 /* Build configuration list for PBXProject "douyuTV" */;
			compatibilityVersion = "Xcode 3.2";
			developmentRegion = English;
			hasScannedForEncodings = 0;
			knownRegions = (
				en,
				Base,
			);
			mainGroup = 848CAC581DA2824B00A84C91;
			productRefGroup = 848CAC621DA2824B00A84C91 /* Products */;
			projectDirPath = "";
			projectRoot = "";
			targets = (
				848CAC601DA2824B00A84C91 /* douyuTV */,
			);
		};
/* End PBXProject section */

/* Begin PBXResourcesBuildPhase section */
		848CAC5F1DA2824B00A84C91 /* Resources */ = {
			isa = PBXResourcesBuildPhase;
			buildActionMask = 2147483647;
			files = (
				848CAC6F1DA2824B00A84C91 /* LaunchScreen.storyboard in Resources */,
				848CAC6C1DA2824B00A84C91 /* Assets.xcassets in Resources */,
			);
			runOnlyForDeploymentPostprocessing = 0;
		};
/* End PBXResourcesBuildPhase section */

/* Begin PBXShellScriptBuildPhase section */
		5E66AD59848D11CF52D113F1 /* [CP] Embed Pods Frameworks */ = {
			isa = PBXShellScriptBuildPhase;
			buildActionMask = 2147483647;
			files = (
			);
			inputPaths = (
			);
			name = "[CP] Embed Pods Frameworks";
			outputPaths = (
			);
			runOnlyForDeploymentPostprocessing = 0;
			shellPath = /bin/sh;
			shellScript = "\"${SRCROOT}/Pods/Target Support Files/Pods-douyuTV/Pods-douyuTV-frameworks.sh\"\n";
			showEnvVarsInLog = 0;
		};
		A15C8A56D9DC83C6306F1898 /* [CP] Copy Pods Resources */ = {
			isa = PBXShellScriptBuildPhase;
			buildActionMask = 2147483647;
			files = (
			);
			inputPaths = (
			);
			name = "[CP] Copy Pods Resources";
			outputPaths = (
			);
			runOnlyForDeploymentPostprocessing = 0;
			shellPath = /bin/sh;
			shellScript = "\"${SRCROOT}/Pods/Target Support Files/Pods-douyuTV/Pods-douyuTV-resources.sh\"\n";
			showEnvVarsInLog = 0;
		};
		C9F4338D604E28275F3C459F /* [CP] Check Pods Manifest.lock */ = {
			isa = PBXShellScriptBuildPhase;
			buildActionMask = 2147483647;
			files = (
			);
			inputPaths = (
			);
			name = "[CP] Check Pods Manifest.lock";
			outputPaths = (
			);
			runOnlyForDeploymentPostprocessing = 0;
			shellPath = /bin/sh;
			shellScript = "diff \"${PODS_ROOT}/../Podfile.lock\" \"${PODS_ROOT}/Manifest.lock\" > /dev/null\nif [ $? != 0 ] ; then\n    # print error to STDERR\n    echo \"error: The sandbox is not in sync with the Podfile.lock. Run 'pod install' or update your CocoaPods installation.\" >&2\n    exit 1\nfi\n";
			showEnvVarsInLog = 0;
		};
/* End PBXShellScriptBuildPhase section */

/* Begin PBXSourcesBuildPhase section */
		848CAC5D1DA2824B00A84C91 /* Sources */ = {
			isa = PBXSourcesBuildPhase;
			buildActionMask = 2147483647;
			files = (
				84ACD9BF1DA4BD590078B65F /* UIbarButtonItem+Extension.swift in Sources */,
				846466671DBF48C6001CD1B9 /* CycleViewCell.swift in Sources */,
				841E2BCC1DBF95B600AA1C12 /* GameViewCell.swift in Sources */,
				844004F31DA369FD00240EA2 /* ProfileViewController.swift in Sources */,
				8468C4B01DA6377F00895200 /* PageContentView.swift in Sources */,
				8486E5D91DBF2EBC00E30CEB /* RecommendCycleView.swift in Sources */,
				844F43421DB488B700B60177 /* UIColor+Extension.swift in Sources */,
				84B285DB1DBFB5E3007FDF1F /* GameViewModel.swift in Sources */,
				846122F51DB9EC97006D30B7 /* RecommendViewController.swift in Sources */,
				844004E51DA3676400240EA2 /* DYTabbarController.swift in Sources */,
				843600C11DBB2FAC003D1303 /* NSDate+Extension.swift in Sources */,
				84B285D91DBFA985007FDF1F /* GameViewController.swift in Sources */,
				843600C31DBB3938003D1303 /* AnchorGroup.swift in Sources */,
				846466651DBF43CA001CD1B9 /* SlideModel.swift in Sources */,
				848CAC671DA2824B00A84C91 /* ViewController.swift in Sources */,
				848CAC651DA2824B00A84C91 /* AppDelegate.swift in Sources */,
				846E97481DBA58D00053BC15 /* HttpClient.swift in Sources */,
				846122FC1DBA0F1D006D30B7 /* LiveViewCell.swift in Sources */,
				844004EF1DA369DE00240EA2 /* HomeViewController.swift in Sources */,
				846122FA1DBA0AC5006D30B7 /* UIButton-ImageAndTitlePositioningExtension.swift in Sources */,
				84ACD9EC1DA5FC740078B65F /* PageTitleView.swift in Sources */,
				84B285DD1DBFBA07007FDF1F /* GameModel.swift in Sources */,
				843600BF1DBB2BAD003D1303 /* API.swift in Sources */,
				843600C51DBBA9A2003D1303 /* AnchorModel.swift in Sources */,
				84B285DF1DBFBBF4007FDF1F /* BaseModel.swift in Sources */,
				843600BD1DBB29D9003D1303 /* RecommendViewModel.swift in Sources */,
				841E2BCA1DBF5D6200AA1C12 /* RecommendGameView.swift in Sources */,
				846122FE1DBA1767006D30B7 /* UIImage+Extension.swift in Sources */,
				844004F11DA369EC00240EA2 /* LiveViewController.swift in Sources */,
				846122F81DB9F795006D30B7 /* CollectionHeaderView.swift in Sources */,
				846E97461DBA46F30053BC15 /* PrettyCollectionCell.swift in Sources */,
				84ACD9EE1DA606A10078B65F /* Common.swift in Sources */,
				844004F51DA36A1600240EA2 /* FollowViewController.swift in Sources */,
			);
			runOnlyForDeploymentPostprocessing = 0;
		};
/* End PBXSourcesBuildPhase section */

/* Begin PBXVariantGroup section */
		848CAC6D1DA2824B00A84C91 /* LaunchScreen.storyboard */ = {
			isa = PBXVariantGroup;
			children = (
				848CAC6E1DA2824B00A84C91 /* Base */,
			);
			name = LaunchScreen.storyboard;
			path = ..;
			sourceTree = "<group>";
		};
/* End PBXVariantGroup section */

/* Begin XCBuildConfiguration section */
		848CAC711DA2824B00A84C91 /* Debug */ = {
			isa = XCBuildConfiguration;
			buildSettings = {
				ALWAYS_SEARCH_USER_PATHS = NO;
				CLANG_ANALYZER_NONNULL = YES;
				CLANG_CXX_LANGUAGE_STANDARD = "gnu++0x";
				CLANG_CXX_LIBRARY = "libc++";
				CLANG_ENABLE_MODULES = YES;
				CLANG_ENABLE_OBJC_ARC = YES;
				CLANG_WARN_BOOL_CONVERSION = YES;
				CLANG_WARN_CONSTANT_CONVERSION = YES;
				CLANG_WARN_DIRECT_OBJC_ISA_USAGE = YES_ERROR;
				CLANG_WARN_DOCUMENTATION_COMMENTS = YES;
				CLANG_WARN_EMPTY_BODY = YES;
				CLANG_WARN_ENUM_CONVERSION = YES;
				CLANG_WARN_INFINITE_RECURSION = YES;
				CLANG_WARN_INT_CONVERSION = YES;
				CLANG_WARN_OBJC_ROOT_CLASS = YES_ERROR;
				CLANG_WARN_SUSPICIOUS_MOVES = YES;
				CLANG_WARN_UNREACHABLE_CODE = YES;
				CLANG_WARN__DUPLICATE_METHOD_MATCH = YES;
				"CODE_SIGN_IDENTITY[sdk=iphoneos*]" = "iPhone Developer";
				COPY_PHASE_STRIP = NO;
				DEBUG_INFORMATION_FORMAT = dwarf;
				ENABLE_STRICT_OBJC_MSGSEND = YES;
				ENABLE_TESTABILITY = YES;
				GCC_C_LANGUAGE_STANDARD = gnu99;
				GCC_DYNAMIC_NO_PIC = NO;
				GCC_NO_COMMON_BLOCKS = YES;
				GCC_OPTIMIZATION_LEVEL = 0;
				GCC_PREPROCESSOR_DEFINITIONS = (
					"DEBUG=1",
					"$(inherited)",
				);
				GCC_WARN_64_TO_32_BIT_CONVERSION = YES;
				GCC_WARN_ABOUT_RETURN_TYPE = YES_ERROR;
				GCC_WARN_UNDECLARED_SELECTOR = YES;
				GCC_WARN_UNINITIALIZED_AUTOS = YES_AGGRESSIVE;
				GCC_WARN_UNUSED_FUNCTION = YES;
				GCC_WARN_UNUSED_VARIABLE = YES;
				IPHONEOS_DEPLOYMENT_TARGET = 10.0;
				MTL_ENABLE_DEBUG_INFO = YES;
				ONLY_ACTIVE_ARCH = YES;
				SDKROOT = iphoneos;
				SWIFT_ACTIVE_COMPILATION_CONDITIONS = DEBUG;
				SWIFT_OPTIMIZATION_LEVEL = "-Onone";
			};
			name = Debug;
		};
		848CAC721DA2824B00A84C91 /* Release */ = {
			isa = XCBuildConfiguration;
			buildSettings = {
				ALWAYS_SEARCH_USER_PATHS = NO;
				CLANG_ANALYZER_NONNULL = YES;
				CLANG_CXX_LANGUAGE_STANDARD = "gnu++0x";
				CLANG_CXX_LIBRARY = "libc++";
				CLANG_ENABLE_MODULES = YES;
				CLANG_ENABLE_OBJC_ARC = YES;
				CLANG_WARN_BOOL_CONVERSION = YES;
				CLANG_WARN_CONSTANT_CONVERSION = YES;
				CLANG_WARN_DIRECT_OBJC_ISA_USAGE = YES_ERROR;
				CLANG_WARN_DOCUMENTATION_COMMENTS = YES;
				CLANG_WARN_EMPTY_BODY = YES;
				CLANG_WARN_ENUM_CONVERSION = YES;
				CLANG_WARN_INFINITE_RECURSION = YES;
				CLANG_WARN_INT_CONVERSION = YES;
				CLANG_WARN_OBJC_ROOT_CLASS = YES_ERROR;
				CLANG_WARN_SUSPICIOUS_MOVES = YES;
				CLANG_WARN_UNREACHABLE_CODE = YES;
				CLANG_WARN__DUPLICATE_METHOD_MATCH = YES;
				"CODE_SIGN_IDENTITY[sdk=iphoneos*]" = "iPhone Developer";
				COPY_PHASE_STRIP = NO;
				DEBUG_INFORMATION_FORMAT = "dwarf-with-dsym";
				ENABLE_NS_ASSERTIONS = NO;
				ENABLE_STRICT_OBJC_MSGSEND = YES;
				GCC_C_LANGUAGE_STANDARD = gnu99;
				GCC_NO_COMMON_BLOCKS = YES;
				GCC_WARN_64_TO_32_BIT_CONVERSION = YES;
				GCC_WARN_ABOUT_RETURN_TYPE = YES_ERROR;
				GCC_WARN_UNDECLARED_SELECTOR = YES;
				GCC_WARN_UNINITIALIZED_AUTOS = YES_AGGRESSIVE;
				GCC_WARN_UNUSED_FUNCTION = YES;
				GCC_WARN_UNUSED_VARIABLE = YES;
				IPHONEOS_DEPLOYMENT_TARGET = 10.0;
				MTL_ENABLE_DEBUG_INFO = NO;
				SDKROOT = iphoneos;
				SWIFT_OPTIMIZATION_LEVEL = "-Owholemodule";
				VALIDATE_PRODUCT = YES;
			};
			name = Release;
		};
		848CAC741DA2824B00A84C91 /* Debug */ = {
			isa = XCBuildConfiguration;
			baseConfigurationReference = 1CD1EF3FE45EC91C81AE06F5 /* Pods-douyuTV.debug.xcconfig */;
			buildSettings = {
				ASSETCATALOG_COMPILER_APPICON_NAME = AppIcon;
				ASSETCATALOG_COMPILER_LAUNCHIMAGE_NAME = LaunchImage;
				"CODE_SIGN_IDENTITY[sdk=iphoneos*]" = "iPhone Developer";
				DEVELOPMENT_TEAM = TH9KN2TTBL;
				INFOPLIST_FILE = douyuTV/Info.plist;
				IPHONEOS_DEPLOYMENT_TARGET = 9.0;
				LD_RUNPATH_SEARCH_PATHS = "$(inherited) @executable_path/Frameworks";
				PRODUCT_BUNDLE_IDENTIFIER = me.yuanwu.douyuTV;
				PRODUCT_NAME = "$(TARGET_NAME)";
				PROVISIONING_PROFILE = "";
				PROVISIONING_PROFILE_SPECIFIER = "";
				SWIFT_VERSION = 3.0;
			};
			name = Debug;
		};
		848CAC751DA2824B00A84C91 /* Release */ = {
			isa = XCBuildConfiguration;
			baseConfigurationReference = 98FBCD18FFA51B03B8BA3766 /* Pods-douyuTV.release.xcconfig */;
			buildSettings = {
				ASSETCATALOG_COMPILER_APPICON_NAME = AppIcon;
				ASSETCATALOG_COMPILER_LAUNCHIMAGE_NAME = LaunchImage;
				"CODE_SIGN_IDENTITY[sdk=iphoneos*]" = "iPhone Developer";
				DEVELOPMENT_TEAM = TH9KN2TTBL;
				INFOPLIST_FILE = douyuTV/Info.plist;
				IPHONEOS_DEPLOYMENT_TARGET = 9.0;
				LD_RUNPATH_SEARCH_PATHS = "$(inherited) @executable_path/Frameworks";
				PRODUCT_BUNDLE_IDENTIFIER = me.yuanwu.douyuTV;
				PRODUCT_NAME = "$(TARGET_NAME)";
				SWIFT_VERSION = 3.0;
			};
			name = Release;
		};
/* End XCBuildConfiguration section */

/* Begin XCConfigurationList section */
		848CAC5C1DA2824B00A84C91 /* Build configuration list for PBXProject "douyuTV" */ = {
			isa = XCConfigurationList;
			buildConfigurations = (
				848CAC711DA2824B00A84C91 /* Debug */,
				848CAC721DA2824B00A84C91 /* Release */,
			);
			defaultConfigurationIsVisible = 0;
			defaultConfigurationName = Release;
		};
		848CAC731DA2824B00A84C91 /* Build configuration list for PBXNativeTarget "douyuTV" */ = {
			isa = XCConfigurationList;
			buildConfigurations = (
				848CAC741DA2824B00A84C91 /* Debug */,
				848CAC751DA2824B00A84C91 /* Release */,
			);
			defaultConfigurationIsVisible = 0;
			defaultConfigurationName = Release;
		};
/* End XCConfigurationList section */
	};
	rootObject = 848CAC591DA2824B00A84C91 /* Project object */;
}
